
Microsoft Visual Studio Solution File, Format Version 12.00
# Visual Studio Version 17
VisualStudioVersion = 17.0.31919.166
MinimumVisualStudioVersion = 10.0.40219.1
Project("{FAE04EC0-301F-11D3-BF4B-00C04F79EFBC}") = "EnglishVocabularyMemorization", "EnglishVocabularyMemorization\EnglishVocabularyMemorization.csproj", "{11B4CAFD-7E5D-4824-9ED0-0A35A0069864}"
EndProject
Global
	GlobalSection(SolutionConfigurationPlatforms) = preSolution
		Debug|Any CPU = Debug|Any CPU
		Release|Any CPU = Release|Any CPU
	EndGlobalSection
	GlobalSection(ProjectConfigurationPlatforms) = postSolution
		{11B4CAFD-7E5D-4824-9ED0-0A35A0069864}.Debug|Any CPU.ActiveCfg = Debug|Any CPU
		{11B4CAFD-7E5D-4824-9ED0-0A35A0069864}.Debug|Any CPU.Build.0 = Debug|Any CPU
		{11B4CAFD-7E5D-4824-9ED0-0A35A0069864}.Release|Any CPU.ActiveCfg = Release|Any CPU
		{11B4CAFD-7E5D-4824-9ED0-0A35A0069864}.Release|Any CPU.Build.0 = Release|Any CPU
	EndGlobalSection
	GlobalSection(SolutionProperties) = preSolution
		HideSolutionNode = FALSE
	EndGlobalSection
	GlobalSection(ExtensibilityGlobals) = postSolution
		SolutionGuid = {428481E5-54A7-43D2-B1ED-30ABAA2D1274}
	EndGlobalSection
EndGlobal
